{
  "name": "@skybrush/electron-app-framework",
  "version": "1.0.0",
  "lockfileVersion": 1,
  "requires": true,
  "dependencies": {
    "clean-stack": {
      "version": "2.2.0",
      "resolved": "https://registry.npmjs.org/clean-stack/-/clean-stack-2.2.0.tgz",
      "integrity": "sha512-4diC9HaTE+KRAMWhDhrGOECgWZxoevMc5TlkObMqNSsVU62PYzXZ/SMTjzyGAFF1YusgxGcSWTEXBhp0CPwQ1A=="
    },
    "commander": {
      "version": "6.1.0",
      "resolved": "https://registry.npmjs.org/commander/-/commander-6.1.0.tgz",
      "integrity": "sha512-wl7PNrYWd2y5mp1OK/LhTlv8Ff4kQJQRXXAvF+uU/TPNiVJUxZLRYGj/B0y/lPGAVcSbJqH2Za/cvHmrPMC8mA=="
    },
    "electron-is-dev": {
      "version": "1.2.0",
      "resolved": "https://registry.npmjs.org/electron-is-dev/-/electron-is-dev-1.2.0.tgz",
      "integrity": "sha512-R1oD5gMBPS7PVU8gJwH6CtT0e6VSoD0+SzSnYpNm+dBkcijgA+K7VAMHDfnRq/lkKPZArpzplTW6jfiMYosdzw=="
    },
    "electron-unhandled": {
      "version": "3.0.2",
      "resolved": "https://registry.npmjs.org/electron-unhandled/-/electron-unhandled-3.0.2.tgz",
      "integrity": "sha512-IIqXnM5eNgV7k5sDA/GZ39ygJbpfF3WTArNGQ1TB4AI6ajQuuVztA0M6Mq9uEpmTh5gz4nR+YsTNWYsHLoM5rw==",
      "requires": {
        "clean-stack": "^2.1.0",
        "electron-is-dev": "^1.0.1",
        "ensure-error": "^2.0.0",
        "lodash.debounce": "^4.0.8"
      }
    },
    "electron-window-state": {
      "version": "5.0.3",
      "resolved": "https://registry.npmjs.org/electron-window-state/-/electron-window-state-5.0.3.tgz",
      "integrity": "sha512-1mNTwCfkolXl3kMf50yW3vE2lZj0y92P/HYWFBrb+v2S/pCka5mdwN3cagKm458A7NjndSwijynXgcLWRodsVg==",
      "requires": {
        "jsonfile": "^4.0.0",
        "mkdirp": "^0.5.1"
      }
    },
    "ensure-error": {
      "version": "2.1.0",
      "resolved": "https://registry.npmjs.org/ensure-error/-/ensure-error-2.1.0.tgz",
      "integrity": "sha512-+BMSJHw9gxiJAAp2ZR1E0TNcL09dD3lOvkl7WVm4+Y6xnes/pMetP/TzCHiDduh8ihNDjbGfuYxl7l4PA1xZ8A=="
    },
    "graceful-fs": {
      "version": "4.2.4",
      "resolved": "https://registry.npmjs.org/graceful-fs/-/graceful-fs-4.2.4.tgz",
      "integrity": "sha512-WjKPNJF79dtJAVniUlGGWHYGz2jWxT6VhN/4m1NdkbZ2nOsEF+cI1Edgql5zCRhs/VsQYRvrXctxktVXZUkixw==",
      "optional": true
    },
    "jsonfile": {
      "version": "4.0.0",
      "resolved": "https://registry.npmjs.org/jsonfile/-/jsonfile-4.0.0.tgz",
      "integrity": "sha1-h3Gq4HmbZAdrdmQPygWPnBDjPss=",
      "requires": {
        "graceful-fs": "^4.1.6"
      }
    },
    "lodash.debounce": {
      "version": "4.0.8",
      "resolved": "https://registry.npmjs.org/lodash.debounce/-/lodash.debounce-4.0.8.tgz",
      "integrity": "sha1-gteb/zCmfEAF/9XiUVMArZyk168="
    },
    "minimist": {
      "version": "1.2.5",
      "resolved": "https://registry.npmjs.org/minimist/-/minimist-1.2.5.tgz",
      "integrity": "sha512-FM9nNUYrRBAELZQT3xeZQ7fmMOBg6nWNmJKTcgsJeaLstP/UODVpGsr5OhXhhXg6f+qtJ8uiZ+PUxkDWcgIXLw=="
    },
    "mkdirp": {
      "version": "0.5.5",
      "resolved": "https://registry.npmjs.org/mkdirp/-/mkdirp-0.5.5.tgz",
      "integrity": "sha512-NKmAlESf6jMGym1++R0Ra7wvhV+wFW63FaSOFPwRahvea0gMUcGUhVeAg/0BC0wiv9ih5NYPB1Wn1UEI1/L+xQ==",
      "requires": {
        "minimist": "^1.2.5"
      }
    }
  }
}
