{
  "name": "@skybrush/redux-toolkit",
  "version": "1.0.1",
  "lockfileVersion": 1,
  "requires": true,
  "dependencies": {
    "@babel/runtime": {
      "version": "7.11.2",
      "resolved": "https://registry.npmjs.org/@babel/runtime/-/runtime-7.11.2.tgz",
      "integrity": "sha512-TeWkU52so0mPtDcaCTxNBI/IHiz0pZgr8VEFqXFtZWpYD08ZB6FaSwVAS8MKRQAP3bYKiVjwysOJgMFY28o6Tw==",
      "requires": {
        "regenerator-runtime": "^0.13.4"
      }
    },
    "@redux-saga/core": {
      "version": "1.1.3",
      "resolved": "https://registry.npmjs.org/@redux-saga/core/-/core-1.1.3.tgz",
      "integrity": "sha512-8tInBftak8TPzE6X13ABmEtRJGjtK17w7VUs7qV17S8hCO5S3+aUTWZ/DBsBJPdE8Z5jOPwYALyvofgq1Ws+kg==",
      "requires": {
        "@babel/runtime": "^7.6.3",
        "@redux-saga/deferred": "^1.1.2",
        "@redux-saga/delay-p": "^1.1.2",
        "@redux-saga/is": "^1.1.2",
        "@redux-saga/symbols": "^1.1.2",
        "@redux-saga/types": "^1.1.0",
        "redux": "^4.0.4",
        "typescript-tuple": "^2.2.1"
      }
    },
    "@redux-saga/deferred": {
      "version": "1.1.2",
      "resolved": "https://registry.npmjs.org/@redux-saga/deferred/-/deferred-1.1.2.tgz",
      "integrity": "sha512-908rDLHFN2UUzt2jb4uOzj6afpjgJe3MjICaUNO3bvkV/kN/cNeI9PMr8BsFXB/MR8WTAZQq/PlTq8Kww3TBSQ=="
    },
    "@redux-saga/delay-p": {
      "version": "1.1.2",
      "resolved": "https://registry.npmjs.org/@redux-saga/delay-p/-/delay-p-1.1.2.tgz",
      "integrity": "sha512-ojc+1IoC6OP65Ts5+ZHbEYdrohmIw1j9P7HS9MOJezqMYtCDgpkoqB5enAAZrNtnbSL6gVCWPHaoaTY5KeO0/g==",
      "requires": {
        "@redux-saga/symbols": "^1.1.2"
      }
    },
    "@redux-saga/is": {
      "version": "1.1.2",
      "resolved": "https://registry.npmjs.org/@redux-saga/is/-/is-1.1.2.tgz",
      "integrity": "sha512-OLbunKVsCVNTKEf2cH4TYyNbbPgvmZ52iaxBD4I1fTif4+MTXMa4/Z07L83zW/hTCXwpSZvXogqMqLfex2Tg6w==",
      "requires": {
        "@redux-saga/symbols": "^1.1.2",
        "@redux-saga/types": "^1.1.0"
      }
    },
    "@redux-saga/symbols": {
      "version": "1.1.2",
      "resolved": "https://registry.npmjs.org/@redux-saga/symbols/-/symbols-1.1.2.tgz",
      "integrity": "sha512-EfdGnF423glv3uMwLsGAtE6bg+R9MdqlHEzExnfagXPrIiuxwr3bdiAwz3gi+PsrQ3yBlaBpfGLtDG8rf3LgQQ=="
    },
    "@redux-saga/types": {
      "version": "1.1.0",
      "resolved": "https://registry.npmjs.org/@redux-saga/types/-/types-1.1.0.tgz",
      "integrity": "sha512-afmTuJrylUU/0OtqzaRkbyYFFNgCF73Bvel/sw90pvGrWIZ+vyoIJqA6eMSoA6+nb443kTmulmBtC9NerXboNg=="
    },
    "@reduxjs/toolkit": {
      "version": "1.4.0",
      "resolved": "https://registry.npmjs.org/@reduxjs/toolkit/-/toolkit-1.4.0.tgz",
      "integrity": "sha512-hkxQwVx4BNVRsYdxjNF6cAseRmtrkpSlcgJRr3kLUcHPIAMZAmMJkXmHh/eUEGTMqPzsYpJLM7NN2w9fxQDuGw==",
      "requires": {
        "immer": "^7.0.3",
        "redux": "^4.0.0",
        "redux-thunk": "^2.3.0",
        "reselect": "^4.0.0"
      }
    },
    "immediate": {
      "version": "3.0.6",
      "resolved": "https://registry.npmjs.org/immediate/-/immediate-3.0.6.tgz",
      "integrity": "sha1-nbHb0Pr43m++D13V5Wu2BigN5ps="
    },
    "immer": {
      "version": "7.0.9",
      "resolved": "https://registry.npmjs.org/immer/-/immer-7.0.9.tgz",
      "integrity": "sha512-Vs/gxoM4DqNAYR7pugIxi0Xc8XAun/uy7AQu4fLLqaTBHxjOP9pJ266Q9MWA/ly4z6rAFZbvViOtihxUZ7O28A=="
    },
    "is-promise": {
      "version": "4.0.0",
      "resolved": "https://registry.npmjs.org/is-promise/-/is-promise-4.0.0.tgz",
      "integrity": "sha512-hvpoI6korhJMnej285dSg6nu1+e6uxs7zG3BYAm5byqDsgJNWwxzM6z6iZiAgQR4TJ30JmBTOwqZUw3WlyH3AQ=="
    },
    "js-tokens": {
      "version": "4.0.0",
      "resolved": "https://registry.npmjs.org/js-tokens/-/js-tokens-4.0.0.tgz",
      "integrity": "sha512-RdJUflcE3cUzKiMqQgsCu06FPu9UdIJO0beYbPhHN4k6apgJtifcoCtT9bcxOpYBtpD2kCM6Sbzg4CausW/PKQ=="
    },
    "lie": {
      "version": "3.1.1",
      "resolved": "https://registry.npmjs.org/lie/-/lie-3.1.1.tgz",
      "integrity": "sha1-mkNrLMd0bKWd56QfpGmz77dr2H4=",
      "requires": {
        "immediate": "~3.0.5"
      }
    },
    "localforage": {
      "version": "1.9.0",
      "resolved": "https://registry.npmjs.org/localforage/-/localforage-1.9.0.tgz",
      "integrity": "sha512-rR1oyNrKulpe+VM9cYmcFn6tsHuokyVHFaCM3+osEmxaHTbEk8oQu6eGDfS6DQLWi/N67XRmB8ECG37OES368g==",
      "requires": {
        "lie": "3.1.1"
      }
    },
    "lodash-es": {
      "version": "4.17.15",
      "resolved": "https://registry.npmjs.org/lodash-es/-/lodash-es-4.17.15.tgz",
      "integrity": "sha512-rlrc3yU3+JNOpZ9zj5pQtxnx2THmvRykwL4Xlxoa8I9lHBlVbbyPhgyPMioxVZ4NqyxaVVtaJnzsyOidQIhyyQ=="
    },
    "lodash.clonedeep": {
      "version": "4.5.0",
      "resolved": "https://registry.npmjs.org/lodash.clonedeep/-/lodash.clonedeep-4.5.0.tgz",
      "integrity": "sha1-4j8/nE+Pvd6HJSnBBxhXoIblzO8="
    },
    "lodash.forin": {
      "version": "4.4.0",
      "resolved": "https://registry.npmjs.org/lodash.forin/-/lodash.forin-4.4.0.tgz",
      "integrity": "sha1-XT8grlZAEfvog4H32YlJyclRlzE="
    },
    "lodash.get": {
      "version": "4.4.2",
      "resolved": "https://registry.npmjs.org/lodash.get/-/lodash.get-4.4.2.tgz",
      "integrity": "sha1-LRd/ZS+jHpObRDjVNBSZ36OCXpk="
    },
    "lodash.isempty": {
      "version": "4.4.0",
      "resolved": "https://registry.npmjs.org/lodash.isempty/-/lodash.isempty-4.4.0.tgz",
      "integrity": "sha1-b4bL7di+TsmHvpqvM8loTbGzHn4="
    },
    "lodash.pickby": {
      "version": "4.6.0",
      "resolved": "https://registry.npmjs.org/lodash.pickby/-/lodash.pickby-4.6.0.tgz",
      "integrity": "sha1-feoh2MGNdwOifHBMFdO4SmfjOv8="
    },
    "lodash.set": {
      "version": "4.3.2",
      "resolved": "https://registry.npmjs.org/lodash.set/-/lodash.set-4.3.2.tgz",
      "integrity": "sha1-2HV7HagH3eJIFrDWqEvqGnYjCyM="
    },
    "lodash.unset": {
      "version": "4.5.2",
      "resolved": "https://registry.npmjs.org/lodash.unset/-/lodash.unset-4.5.2.tgz",
      "integrity": "sha1-Nw0dPoW3Kn4bDN8tJyEhMG8j5O0="
    },
    "loose-envify": {
      "version": "1.4.0",
      "resolved": "https://registry.npmjs.org/loose-envify/-/loose-envify-1.4.0.tgz",
      "integrity": "sha512-lyuxPGr/Wfhrlem2CL/UcnUc1zcqKAImBDzukY7Y5F/yQiNdko6+fRLevlw1HgMySw7f611UIY408EtxRSoK3Q==",
      "requires": {
        "js-tokens": "^3.0.0 || ^4.0.0"
      }
    },
    "p-defer": {
      "version": "3.0.0",
      "resolved": "https://registry.npmjs.org/p-defer/-/p-defer-3.0.0.tgz",
      "integrity": "sha512-ugZxsxmtTln604yeYd29EGrNhazN2lywetzpKhfmQjW/VJmhpDmWbiX+h0zL8V91R0UXkhb3KtPmyq9PZw3aYw=="
    },
    "redux": {
      "version": "4.0.5",
      "resolved": "https://registry.npmjs.org/redux/-/redux-4.0.5.tgz",
      "integrity": "sha512-VSz1uMAH24DM6MF72vcojpYPtrTUu3ByVWfPL1nPfVRb5mZVTve5GnNCUV53QM/BZ66xfWrm0CTWoM+Xlz8V1w==",
      "requires": {
        "loose-envify": "^1.4.0",
        "symbol-observable": "^1.2.0"
      }
    },
    "redux-persist": {
      "version": "6.0.0",
      "resolved": "https://registry.npmjs.org/redux-persist/-/redux-persist-6.0.0.tgz",
      "integrity": "sha512-71LLMbUq2r02ng2We9S215LtPu3fY0KgaGE0k8WRgl6RkqxtGfl7HUozz1Dftwsb0D/5mZ8dwAaPbtnzfvbEwQ=="
    },
    "redux-persist-transform-filter": {
      "version": "0.0.20",
      "resolved": "https://registry.npmjs.org/redux-persist-transform-filter/-/redux-persist-transform-filter-0.0.20.tgz",
      "integrity": "sha512-cgxBjn0igGj0CccxV2hXmDlh36lZtuq2ily9dh7LlYciqNE0dFGjd3GizzmxEBkB9+SEvDwd2m/FgfVt4VnOQg==",
      "requires": {
        "lodash.clonedeep": "^4.5.0",
        "lodash.forin": "^4.4.0",
        "lodash.get": "^4.4.2",
        "lodash.isempty": "^4.4.0",
        "lodash.pickby": "^4.6.0",
        "lodash.set": "^4.3.2",
        "lodash.unset": "^4.5.2"
      }
    },
    "redux-saga": {
      "version": "1.1.3",
      "resolved": "https://registry.npmjs.org/redux-saga/-/redux-saga-1.1.3.tgz",
      "integrity": "sha512-RkSn/z0mwaSa5/xH/hQLo8gNf4tlvT18qXDNvedihLcfzh+jMchDgaariQoehCpgRltEm4zHKJyINEz6aqswTw==",
      "requires": {
        "@redux-saga/core": "^1.1.3"
      }
    },
    "redux-thunk": {
      "version": "2.3.0",
      "resolved": "https://registry.npmjs.org/redux-thunk/-/redux-thunk-2.3.0.tgz",
      "integrity": "sha512-km6dclyFnmcvxhAcrQV2AkZmPQjzPDjgVlQtR0EQjxZPyJ0BnMf3in1ryuR8A2qU0HldVRfxYXbFSKlI3N7Slw=="
    },
    "regenerator-runtime": {
      "version": "0.13.7",
      "resolved": "https://registry.npmjs.org/regenerator-runtime/-/regenerator-runtime-0.13.7.tgz",
      "integrity": "sha512-a54FxoJDIr27pgf7IgeQGxmqUNYrcV338lf/6gH456HZ/PhX+5BcwHXG9ajESmwe6WRO0tAzRUrRmNONWgkrew=="
    },
    "reselect": {
      "version": "4.0.0",
      "resolved": "https://registry.npmjs.org/reselect/-/reselect-4.0.0.tgz",
      "integrity": "sha512-qUgANli03jjAyGlnbYVAV5vvnOmJnODyABz51RdBN7M4WaVu8mecZWgyQNkG8Yqe3KRGRt0l4K4B3XVEULC4CA=="
    },
    "symbol-observable": {
      "version": "1.2.0",
      "resolved": "https://registry.npmjs.org/symbol-observable/-/symbol-observable-1.2.0.tgz",
      "integrity": "sha512-e900nM8RRtGhlV36KGEU9k65K3mPb1WV70OdjfxlG2EAuM1noi/E/BaW/uMhL7bPEssK8QV57vN3esixjUvcXQ=="
    },
    "typescript-compare": {
      "version": "0.0.2",
      "resolved": "https://registry.npmjs.org/typescript-compare/-/typescript-compare-0.0.2.tgz",
      "integrity": "sha512-8ja4j7pMHkfLJQO2/8tut7ub+J3Lw2S3061eJLFQcvs3tsmJKp8KG5NtpLn7KcY2w08edF74BSVN7qJS0U6oHA==",
      "requires": {
        "typescript-logic": "^0.0.0"
      }
    },
    "typescript-logic": {
      "version": "0.0.0",
      "resolved": "https://registry.npmjs.org/typescript-logic/-/typescript-logic-0.0.0.tgz",
      "integrity": "sha512-zXFars5LUkI3zP492ls0VskH3TtdeHCqu0i7/duGt60i5IGPIpAHE/DWo5FqJ6EjQ15YKXrt+AETjv60Dat34Q=="
    },
    "typescript-tuple": {
      "version": "2.2.1",
      "resolved": "https://registry.npmjs.org/typescript-tuple/-/typescript-tuple-2.2.1.tgz",
      "integrity": "sha512-Zcr0lbt8z5ZdEzERHAMAniTiIKerFCMgd7yjq1fPnDJ43et/k9twIFQMUYff9k5oXcsQ0WpvFcgzK2ZKASoW6Q==",
      "requires": {
        "typescript-compare": "^0.0.2"
      }
    }
  }
}
